
Microsoft Visual Studio Solution File, Format Version 12.00
# Visual Studio Version 16
VisualStudioVersion = 16.0.30225.117
MinimumVisualStudioVersion = 10.0.40219.1
Project("{9A19103F-16F7-4668-BE54-9A1E7A4F7556}") = "EmployeesApi", "EmployeesApi\EmployeesApi.csproj", "{2408C330-05FB-429F-AAF8-8E8948380860}"
EndProject
Project("{FAE04EC0-301F-11D3-BF4B-00C04F79EFBC}") = "EmployeesApiIntegrationTests", "EmployeesApiIntegrationTests\EmployeesApiIntegrationTests.csproj", "{632DC1E9-DB54-4A81-8428-3A69D0B944E0}"
EndProject
Global
	GlobalSection(SolutionConfigurationPlatforms) = preSolution
		Debug|Any CPU = Debug|Any CPU
		Release|Any CPU = Release|Any CPU
	EndGlobalSection
	GlobalSection(ProjectConfigurationPlatforms) = postSolution
		{2408C330-05FB-429F-AAF8-8E8948380860}.Debug|Any CPU.ActiveCfg = Debug|Any CPU
		{2408C330-05FB-429F-AAF8-8E8948380860}.Debug|Any CPU.Build.0 = Debug|Any CPU
		{2408C330-05FB-429F-AAF8-8E8948380860}.Release|Any CPU.ActiveCfg = Release|Any CPU
		{2408C330-05FB-429F-AAF8-8E8948380860}.Release|Any CPU.Build.0 = Release|Any CPU
		{632DC1E9-DB54-4A81-8428-3A69D0B944E0}.Debug|Any CPU.ActiveCfg = Debug|Any CPU
		{632DC1E9-DB54-4A81-8428-3A69D0B944E0}.Debug|Any CPU.Build.0 = Debug|Any CPU
		{632DC1E9-DB54-4A81-8428-3A69D0B944E0}.Release|Any CPU.ActiveCfg = Release|Any CPU
		{632DC1E9-DB54-4A81-8428-3A69D0B944E0}.Release|Any CPU.Build.0 = Release|Any CPU
	EndGlobalSection
	GlobalSection(SolutionProperties) = preSolution
		HideSolutionNode = FALSE
	EndGlobalSection
	GlobalSection(ExtensibilityGlobals) = postSolution
		SolutionGuid = {2D9093C2-5E24-4018-B2FC-F26EB8B85520}
	EndGlobalSection
EndGlobal
